
Microsoft Visual Studio Solution File, Format Version 12.00
# Visual Studio Version 17
VisualStudioVersion = 17.6.33723.286
MinimumVisualStudioVersion = 10.0.40219.1
Project("{9A19103F-16F7-4668-BE54-9A1E7A4F7556}") = "PtnDemoProject", "PtnDemoProject.csproj", "{59C2882B-CDEE-4592-AFF5-62D1F5B87E58}"
EndProject
Global
	GlobalSection(SolutionConfigurationPlatforms) = preSolution
		Debug|Any CPU = Debug|Any CPU
		Release|Any CPU = Release|Any CPU
	EndGlobalSection
	GlobalSection(ProjectConfigurationPlatforms) = postSolution
		{59C2882B-CDEE-4592-AFF5-62D1F5B87E58}.Debug|Any CPU.ActiveCfg = Debug|Any CPU
		{59C2882B-CDEE-4592-AFF5-62D1F5B87E58}.Debug|Any CPU.Build.0 = Debug|Any CPU
		{59C2882B-CDEE-4592-AFF5-62D1F5B87E58}.Release|Any CPU.ActiveCfg = Release|Any CPU
		{59C2882B-CDEE-4592-AFF5-62D1F5B87E58}.Release|Any CPU.Build.0 = Release|Any CPU
	EndGlobalSection
	GlobalSection(SolutionProperties) = preSolution
		HideSolutionNode = FALSE
	EndGlobalSection
	GlobalSection(ExtensibilityGlobals) = postSolution
		SolutionGuid = {268251C5-AFF2-4A18-8980-B2CA519095FA}
	EndGlobalSection
EndGlobal
